// !$*UTF8*$!
{
	archiveVersion = 1;
	classes = {
	};
	objectVersion = 50;
	objects = {

/* Begin PBXBuildFile section */
		0F3D663E21526295004217E6 /* UDResponse.swift in Sources */ = {isa = PBXBuildFile; fileRef = 0F3D663D21526294004217E6 /* UDResponse.swift */; };
		0F408358215AF15300DBA2E4 /* LocationFindLocationViewController.swift in Sources */ = {isa = PBXBuildFile; fileRef = 0F408357215AF15300DBA2E4 /* LocationFindLocationViewController.swift */; };
		0F40835C215D731500DBA2E4 /* UserData.swift in Sources */ = {isa = PBXBuildFile; fileRef = 0F40835B215D731500DBA2E4 /* UserData.swift */; };
		0F6A30EC2141B9AC0098B3EA /* AppDelegate.swift in Sources */ = {isa = PBXBuildFile; fileRef = 0F6A30EB2141B9AC0098B3EA /* AppDelegate.swift */; };
		0F6A30EE2141B9AC0098B3EA /* ViewController.swift in Sources */ = {isa = PBXBuildFile; fileRef = 0F6A30ED2141B9AC0098B3EA /* ViewController.swift */; };
		0F6A30F12141B9AC0098B3EA /* Main.storyboard in Resources */ = {isa = PBXBuildFile; fileRef = 0F6A30EF2141B9AC0098B3EA /* Main.storyboard */; };
		0F6A30F32141B9AE0098B3EA /* Assets.xcassets in Resources */ = {isa = PBXBuildFile; fileRef = 0F6A30F22141B9AE0098B3EA /* Assets.xcassets */; };
		0F6A30F62141B9AE0098B3EA /* LaunchScreen.storyboard in Resources */ = {isa = PBXBuildFile; fileRef = 0F6A30F42141B9AE0098B3EA /* LaunchScreen.storyboard */; };
		0F6A31032141DE480098B3EA /* LoginViewController.swift in Sources */ = {isa = PBXBuildFile; fileRef = 0F6A31022141DE480098B3EA /* LoginViewController.swift */; };
		0F6A31052141DE5C0098B3EA /* MapViewController.swift in Sources */ = {isa = PBXBuildFile; fileRef = 0F6A31042141DE5C0098B3EA /* MapViewController.swift */; };
		0F6A31072141DE6E0098B3EA /* ListViewController.swift in Sources */ = {isa = PBXBuildFile; fileRef = 0F6A31062141DE6E0098B3EA /* ListViewController.swift */; };
		0F6A31092141DE910098B3EA /* LocationAddViewController.swift in Sources */ = {isa = PBXBuildFile; fileRef = 0F6A31082141DE910098B3EA /* LocationAddViewController.swift */; };
		0F6A310B2141DEBE0098B3EA /* LocationTableViewCell.swift in Sources */ = {isa = PBXBuildFile; fileRef = 0F6A310A2141DEBE0098B3EA /* LocationTableViewCell.swift */; };
		0F6A310E2141DF4A0098B3EA /* Constants.swift in Sources */ = {isa = PBXBuildFile; fileRef = 0F6A310D2141DF4A0098B3EA /* Constants.swift */; };
		0F6A31102141EBB10098B3EA /* UDStudentLocation.swift in Sources */ = {isa = PBXBuildFile; fileRef = 0F6A310F2141EBB10098B3EA /* UDStudentLocation.swift */; };
		0F6A31122141EBFC0098B3EA /* UDConstants.swift in Sources */ = {isa = PBXBuildFile; fileRef = 0F6A31112141EBFC0098B3EA /* UDConstants.swift */; };
		0F6A31142141EC0D0098B3EA /* UDClient.swift in Sources */ = {isa = PBXBuildFile; fileRef = 0F6A31132141EC0D0098B3EA /* UDClient.swift */; };
		0F6A31162142E64A0098B3EA /* BaseClient.swift in Sources */ = {isa = PBXBuildFile; fileRef = 0F6A31152142E64A0098B3EA /* BaseClient.swift */; };
		0F6A3118214437190098B3EA /* BaseViewController.swift in Sources */ = {isa = PBXBuildFile; fileRef = 0F6A3117214437190098B3EA /* BaseViewController.swift */; };
		0F6A311A21444CB00098B3EA /* GCDBlackbox.swift in Sources */ = {isa = PBXBuildFile; fileRef = 0F6A311921444CB00098B3EA /* GCDBlackbox.swift */; };
		0F6A311C2144643F0098B3EA /* Extension.swift in Sources */ = {isa = PBXBuildFile; fileRef = 0F6A311B2144643F0098B3EA /* Extension.swift */; };
		0F6A3120214555320098B3EA /* UDSession.swift in Sources */ = {isa = PBXBuildFile; fileRef = 0F6A311F214555320098B3EA /* UDSession.swift */; };
/* End PBXBuildFile section */

/* Begin PBXFileReference section */
		0F3D663D21526294004217E6 /* UDResponse.swift */ = {isa = PBXFileReference; lastKnownFileType = sourcecode.swift; path = UDResponse.swift; sourceTree = "<group>"; };
		0F408357215AF15300DBA2E4 /* LocationFindLocationViewController.swift */ = {isa = PBXFileReference; lastKnownFileType = sourcecode.swift; path = LocationFindLocationViewController.swift; sourceTree = "<group>"; };
		0F40835B215D731500DBA2E4 /* UserData.swift */ = {isa = PBXFileReference; lastKnownFileType = sourcecode.swift; path = UserData.swift; sourceTree = "<group>"; };
		0F6A30E82141B9AC0098B3EA /* onthemap.app */ = {isa = PBXFileReference; explicitFileType = wrapper.application; includeInIndex = 0; path = onthemap.app; sourceTree = BUILT_PRODUCTS_DIR; };
		0F6A30EB2141B9AC0098B3EA /* AppDelegate.swift */ = {isa = PBXFileReference; lastKnownFileType = sourcecode.swift; path = AppDelegate.swift; sourceTree = "<group>"; };
		0F6A30ED2141B9AC0098B3EA /* ViewController.swift */ = {isa = PBXFileReference; lastKnownFileType = sourcecode.swift; path = ViewController.swift; sourceTree = "<group>"; };
		0F6A30F02141B9AC0098B3EA /* Base */ = {isa = PBXFileReference; lastKnownFileType = file.storyboard; name = Base; path = Base.lproj/Main.storyboard; sourceTree = "<group>"; };
		0F6A30F22141B9AE0098B3EA /* Assets.xcassets */ = {isa = PBXFileReference; lastKnownFileType = folder.assetcatalog; path = Assets.xcassets; sourceTree = "<group>"; };
		0F6A30F52141B9AE0098B3EA /* Base */ = {isa = PBXFileReference; lastKnownFileType = file.storyboard; name = Base; path = Base.lproj/LaunchScreen.storyboard; sourceTree = "<group>"; };
		0F6A30F72141B9AE0098B3EA /* Info.plist */ = {isa = PBXFileReference; lastKnownFileType = text.plist.xml; path = Info.plist; sourceTree = "<group>"; };
		0F6A31022141DE480098B3EA /* LoginViewController.swift */ = {isa = PBXFileReference; lastKnownFileType = sourcecode.swift; path = LoginViewController.swift; sourceTree = "<group>"; };
		0F6A31042141DE5C0098B3EA /* MapViewController.swift */ = {isa = PBXFileReference; lastKnownFileType = sourcecode.swift; path = MapViewController.swift; sourceTree = "<group>"; };
		0F6A31062141DE6E0098B3EA /* ListViewController.swift */ = {isa = PBXFileReference; lastKnownFileType = sourcecode.swift; path = ListViewController.swift; sourceTree = "<group>"; };
		0F6A31082141DE910098B3EA /* LocationAddViewController.swift */ = {isa = PBXFileReference; lastKnownFileType = sourcecode.swift; path = LocationAddViewController.swift; sourceTree = "<group>"; };
		0F6A310A2141DEBE0098B3EA /* LocationTableViewCell.swift */ = {isa = PBXFileReference; lastKnownFileType = sourcecode.swift; path = LocationTableViewCell.swift; sourceTree = "<group>"; };
		0F6A310D2141DF4A0098B3EA /* Constants.swift */ = {isa = PBXFileReference; lastKnownFileType = sourcecode.swift; path = Constants.swift; sourceTree = "<group>"; };
		0F6A310F2141EBB10098B3EA /* UDStudentLocation.swift */ = {isa = PBXFileReference; lastKnownFileType = sourcecode.swift; path = UDStudentLocation.swift; sourceTree = "<group>"; };
		0F6A31112141EBFC0098B3EA /* UDConstants.swift */ = {isa = PBXFileReference; lastKnownFileType = sourcecode.swift; path = UDConstants.swift; sourceTree = "<group>"; };
		0F6A31132141EC0D0098B3EA /* UDClient.swift */ = {isa = PBXFileReference; lastKnownFileType = sourcecode.swift; path = UDClient.swift; sourceTree = "<group>"; };
		0F6A31152142E64A0098B3EA /* BaseClient.swift */ = {isa = PBXFileReference; lastKnownFileType = sourcecode.swift; path = BaseClient.swift; sourceTree = "<group>"; };
		0F6A3117214437190098B3EA /* BaseViewController.swift */ = {isa = PBXFileReference; lastKnownFileType = sourcecode.swift; path = BaseViewController.swift; sourceTree = "<group>"; };
		0F6A311921444CB00098B3EA /* GCDBlackbox.swift */ = {isa = PBXFileReference; lastKnownFileType = sourcecode.swift; path = GCDBlackbox.swift; sourceTree = "<group>"; };
		0F6A311B2144643F0098B3EA /* Extension.swift */ = {isa = PBXFileReference; lastKnownFileType = sourcecode.swift; path = Extension.swift; sourceTree = "<group>"; };
		0F6A311F214555320098B3EA /* UDSession.swift */ = {isa = PBXFileReference; lastKnownFileType = sourcecode.swift; path = UDSession.swift; sourceTree = "<group>"; };
/* End PBXFileReference section */

/* Begin PBXFrameworksBuildPhase section */
		0F6A30E52141B9AC0098B3EA /* Frameworks */ = {
			isa = PBXFrameworksBuildPhase;
			buildActionMask = 2147483647;
			files = (
			);
			runOnlyForDeploymentPostprocessing = 0;
		};
/* End PBXFrameworksBuildPhase section */

/* Begin PBXGroup section */
		0F6A30DF2141B9AC0098B3EA = {
			isa = PBXGroup;
			children = (
				0F6A30EA2141B9AC0098B3EA /* onthemap */,
				0F6A30E92141B9AC0098B3EA /* Products */,
			);
			sourceTree = "<group>";
		};
		0F6A30E92141B9AC0098B3EA /* Products */ = {
			isa = PBXGroup;
			children = (
				0F6A30E82141B9AC0098B3EA /* onthemap.app */,
			);
			name = Products;
			sourceTree = "<group>";
		};
		0F6A30EA2141B9AC0098B3EA /* onthemap */ = {
			isa = PBXGroup;
			children = (
				0F6A311921444CB00098B3EA /* GCDBlackbox.swift */,
				0F6A30FD2141DD9F0098B3EA /* Model */,
				0F6A31002141DDFF0098B3EA /* View */,
				0F6A31012141DE050098B3EA /* Controller */,
				0F6A310C2141DF2B0098B3EA /* Utils */,
				0F6A30EB2141B9AC0098B3EA /* AppDelegate.swift */,
				0F6A30ED2141B9AC0098B3EA /* ViewController.swift */,
				0F6A30EF2141B9AC0098B3EA /* Main.storyboard */,
				0F6A30F22141B9AE0098B3EA /* Assets.xcassets */,
				0F6A30F42141B9AE0098B3EA /* LaunchScreen.storyboard */,
				0F6A30F72141B9AE0098B3EA /* Info.plist */,
			);
			path = onthemap;
			sourceTree = "<group>";
		};
		0F6A30FD2141DD9F0098B3EA /* Model */ = {
			isa = PBXGroup;
			children = (
				0F40835B215D731500DBA2E4 /* UserData.swift */,
				0F6A30FE2141DDA90098B3EA /* Clients */,
			);
			path = Model;
			sourceTree = "<group>";
		};
		0F6A30FE2141DDA90098B3EA /* Clients */ = {
			isa = PBXGroup;
			children = (
				0F6A311D21446E420098B3EA /* Base */,
				0F6A30FF2141DDB30098B3EA /* Udacity */,
			);
			path = Clients;
			sourceTree = "<group>";
		};
		0F6A30FF2141DDB30098B3EA /* Udacity */ = {
			isa = PBXGroup;
			children = (
				0F6A310F2141EBB10098B3EA /* UDStudentLocation.swift */,
				0F6A31112141EBFC0098B3EA /* UDConstants.swift */,
				0F6A31132141EC0D0098B3EA /* UDClient.swift */,
				0F6A311F214555320098B3EA /* UDSession.swift */,
				0F3D663D21526294004217E6 /* UDResponse.swift */,
			);
			path = Udacity;
			sourceTree = "<group>";
		};
		0F6A31002141DDFF0098B3EA /* View */ = {
			isa = PBXGroup;
			children = (
				0F6A310A2141DEBE0098B3EA /* LocationTableViewCell.swift */,
			);
			path = View;
			sourceTree = "<group>";
		};
		0F6A31012141DE050098B3EA /* Controller */ = {
			isa = PBXGroup;
			children = (
				0F6A311E21446E500098B3EA /* Base */,
				0F6A31022141DE480098B3EA /* LoginViewController.swift */,
				0F6A31042141DE5C0098B3EA /* MapViewController.swift */,
				0F6A31062141DE6E0098B3EA /* ListViewController.swift */,
				0F6A31082141DE910098B3EA /* LocationAddViewController.swift */,
				0F408357215AF15300DBA2E4 /* LocationFindLocationViewController.swift */,
			);
			path = Controller;
			sourceTree = "<group>";
		};
		0F6A310C2141DF2B0098B3EA /* Utils */ = {
			isa = PBXGroup;
			children = (
				0F6A310D2141DF4A0098B3EA /* Constants.swift */,
				0F6A311B2144643F0098B3EA /* Extension.swift */,
			);
			path = Utils;
			sourceTree = "<group>";
		};
		0F6A311D21446E420098B3EA /* Base */ = {
			isa = PBXGroup;
			children = (
				0F6A31152142E64A0098B3EA /* BaseClient.swift */,
			);
			path = Base;
			sourceTree = "<group>";
		};
		0F6A311E21446E500098B3EA /* Base */ = {
			isa = PBXGroup;
			children = (
				0F6A3117214437190098B3EA /* BaseViewController.swift */,
			);
			path = Base;
			sourceTree = "<group>";
		};
/* End PBXGroup section */

/* Begin PBXNativeTarget section */
		0F6A30E72141B9AC0098B3EA /* onthemap */ = {
			isa = PBXNativeTarget;
			buildConfigurationList = 0F6A30FA2141B9AE0098B3EA /* Build configuration list for PBXNativeTarget "onthemap" */;
			buildPhases = (
				0F6A30E42141B9AC0098B3EA /* Sources */,
				0F6A30E52141B9AC0098B3EA /* Frameworks */,
				0F6A30E62141B9AC0098B3EA /* Resources */,
			);
			buildRules = (
			);
			dependencies = (
			);
			name = onthemap;
			productName = onthemap;
			productReference = 0F6A30E82141B9AC0098B3EA /* onthemap.app */;
			productType = "com.apple.product-type.application";
		};
/* End PBXNativeTarget section */

/* Begin PBXProject section */
		0F6A30E02141B9AC0098B3EA /* Project object */ = {
			isa = PBXProject;
			attributes = {
				LastSwiftUpdateCheck = 0940;
				LastUpgradeCheck = 0940;
				ORGANIZATIONNAME = "Erick Medina";
				TargetAttributes = {
					0F6A30E72141B9AC0098B3EA = {
						CreatedOnToolsVersion = 9.4.1;
					};
				};
			};
			buildConfigurationList = 0F6A30E32141B9AC0098B3EA /* Build configuration list for PBXProject "onthemap" */;
			compatibilityVersion = "Xcode 9.3";
			developmentRegion = en;
			hasScannedForEncodings = 0;
			knownRegions = (
				en,
				Base,
			);
			mainGroup = 0F6A30DF2141B9AC0098B3EA;
			productRefGroup = 0F6A30E92141B9AC0098B3EA /* Products */;
			projectDirPath = "";
			projectRoot = "";
			targets = (
				0F6A30E72141B9AC0098B3EA /* onthemap */,
			);
		};
/* End PBXProject section */

/* Begin PBXResourcesBuildPhase section */
		0F6A30E62141B9AC0098B3EA /* Resources */ = {
			isa = PBXResourcesBuildPhase;
			buildActionMask = 2147483647;
			files = (
				0F6A30F62141B9AE0098B3EA /* LaunchScreen.storyboard in Resources */,
				0F6A30F32141B9AE0098B3EA /* Assets.xcassets in Resources */,
				0F6A30F12141B9AC0098B3EA /* Main.storyboard in Resources */,
			);
			runOnlyForDeploymentPostprocessing = 0;
		};
/* End PBXResourcesBuildPhase section */

/* Begin PBXSourcesBuildPhase section */
		0F6A30E42141B9AC0098B3EA /* Sources */ = {
			isa = PBXSourcesBuildPhase;
			buildActionMask = 2147483647;
			files = (
				0F6A311C2144643F0098B3EA /* Extension.swift in Sources */,
				0F6A3118214437190098B3EA /* BaseViewController.swift in Sources */,
				0F6A31032141DE480098B3EA /* LoginViewController.swift in Sources */,
				0F40835C215D731500DBA2E4 /* UserData.swift in Sources */,
				0F6A31162142E64A0098B3EA /* BaseClient.swift in Sources */,
				0F6A310B2141DEBE0098B3EA /* LocationTableViewCell.swift in Sources */,
				0F6A30EE2141B9AC0098B3EA /* ViewController.swift in Sources */,
				0F6A31142141EC0D0098B3EA /* UDClient.swift in Sources */,
				0F6A3120214555320098B3EA /* UDSession.swift in Sources */,
				0F6A311A21444CB00098B3EA /* GCDBlackbox.swift in Sources */,
				0F408358215AF15300DBA2E4 /* LocationFindLocationViewController.swift in Sources */,
				0F6A30EC2141B9AC0098B3EA /* AppDelegate.swift in Sources */,
				0F6A31122141EBFC0098B3EA /* UDConstants.swift in Sources */,
				0F3D663E21526295004217E6 /* UDResponse.swift in Sources */,
				0F6A31092141DE910098B3EA /* LocationAddViewController.swift in Sources */,
				0F6A31072141DE6E0098B3EA /* ListViewController.swift in Sources */,
				0F6A31052141DE5C0098B3EA /* MapViewController.swift in Sources */,
				0F6A31102141EBB10098B3EA /* UDStudentLocation.swift in Sources */,
				0F6A310E2141DF4A0098B3EA /* Constants.swift in Sources */,
			);
			runOnlyForDeploymentPostprocessing = 0;
		};
/* End PBXSourcesBuildPhase section */

/* Begin PBXVariantGroup section */
		0F6A30EF2141B9AC0098B3EA /* Main.storyboard */ = {
			isa = PBXVariantGroup;
			children = (
				0F6A30F02141B9AC0098B3EA /* Base */,
			);
			name = Main.storyboard;
			sourceTree = "<group>";
		};
		0F6A30F42141B9AE0098B3EA /* LaunchScreen.storyboard */ = {
			isa = PBXVariantGroup;
			children = (
				0F6A30F52141B9AE0098B3EA /* Base */,
			);
			name = LaunchScreen.storyboard;
			sourceTree = "<group>";
		};
/* End PBXVariantGroup section */

/* Begin XCBuildConfiguration section */
		0F6A30F82141B9AE0098B3EA /* Debug */ = {
			isa = XCBuildConfiguration;
			buildSettings = {
				ALWAYS_SEARCH_USER_PATHS = NO;
				CLANG_ANALYZER_NONNULL = YES;
				CLANG_ANALYZER_NUMBER_OBJECT_CONVERSION = YES_AGGRESSIVE;
				CLANG_CXX_LANGUAGE_STANDARD = "gnu++14";
				CLANG_CXX_LIBRARY = "libc++";
				CLANG_ENABLE_MODULES = YES;
				CLANG_ENABLE_OBJC_ARC = YES;
				CLANG_ENABLE_OBJC_WEAK = YES;
				CLANG_WARN_BLOCK_CAPTURE_AUTORELEASING = YES;
				CLANG_WARN_BOOL_CONVERSION = YES;
				CLANG_WARN_COMMA = YES;
				CLANG_WARN_CONSTANT_CONVERSION = YES;
				CLANG_WARN_DEPRECATED_OBJC_IMPLEMENTATIONS = YES;
				CLANG_WARN_DIRECT_OBJC_ISA_USAGE = YES_ERROR;
				CLANG_WARN_DOCUMENTATION_COMMENTS = YES;
				CLANG_WARN_EMPTY_BODY = YES;
				CLANG_WARN_ENUM_CONVERSION = YES;
				CLANG_WARN_INFINITE_RECURSION = YES;
				CLANG_WARN_INT_CONVERSION = YES;
				CLANG_WARN_NON_LITERAL_NULL_CONVERSION = YES;
				CLANG_WARN_OBJC_IMPLICIT_RETAIN_SELF = YES;
				CLANG_WARN_OBJC_LITERAL_CONVERSION = YES;
				CLANG_WARN_OBJC_ROOT_CLASS = YES_ERROR;
				CLANG_WARN_RANGE_LOOP_ANALYSIS = YES;
				CLANG_WARN_STRICT_PROTOTYPES = YES;
				CLANG_WARN_SUSPICIOUS_MOVE = YES;
				CLANG_WARN_UNGUARDED_AVAILABILITY = YES_AGGRESSIVE;
				CLANG_WARN_UNREACHABLE_CODE = YES;
				CLANG_WARN__DUPLICATE_METHOD_MATCH = YES;
				CODE_SIGN_IDENTITY = "iPhone Developer";
				COPY_PHASE_STRIP = NO;
				DEBUG_INFORMATION_FORMAT = dwarf;
				ENABLE_STRICT_OBJC_MSGSEND = YES;
				ENABLE_TESTABILITY = YES;
				GCC_C_LANGUAGE_STANDARD = gnu11;
				GCC_DYNAMIC_NO_PIC = NO;
				GCC_NO_COMMON_BLOCKS = YES;
				GCC_OPTIMIZATION_LEVEL = 0;
				GCC_PREPROCESSOR_DEFINITIONS = (
					"DEBUG=1",
					"$(inherited)",
				);
				GCC_WARN_64_TO_32_BIT_CONVERSION = YES;
				GCC_WARN_ABOUT_RETURN_TYPE = YES_ERROR;
				GCC_WARN_UNDECLARED_SELECTOR = YES;
				GCC_WARN_UNINITIALIZED_AUTOS = YES_AGGRESSIVE;
				GCC_WARN_UNUSED_FUNCTION = YES;
				GCC_WARN_UNUSED_VARIABLE = YES;
				IPHONEOS_DEPLOYMENT_TARGET = 11.4;
				MTL_ENABLE_DEBUG_INFO = YES;
				ONLY_ACTIVE_ARCH = YES;
				SDKROOT = iphoneos;
				SWIFT_ACTIVE_COMPILATION_CONDITIONS = DEBUG;
				SWIFT_OPTIMIZATION_LEVEL = "-Onone";
			};
			name = Debug;
		};
		0F6A30F92141B9AE0098B3EA /* Release */ = {
			isa = XCBuildConfiguration;
			buildSettings = {
				ALWAYS_SEARCH_USER_PATHS = NO;
				CLANG_ANALYZER_NONNULL = YES;
				CLANG_ANALYZER_NUMBER_OBJECT_CONVERSION = YES_AGGRESSIVE;
				CLANG_CXX_LANGUAGE_STANDARD = "gnu++14";
				CLANG_CXX_LIBRARY = "libc++";
				CLANG_ENABLE_MODULES = YES;
				CLANG_ENABLE_OBJC_ARC = YES;
				CLANG_ENABLE_OBJC_WEAK = YES;
				CLANG_WARN_BLOCK_CAPTURE_AUTORELEASING = YES;
				CLANG_WARN_BOOL_CONVERSION = YES;
				CLANG_WARN_COMMA = YES;
				CLANG_WARN_CONSTANT_CONVERSION = YES;
				CLANG_WARN_DEPRECATED_OBJC_IMPLEMENTATIONS = YES;
				CLANG_WARN_DIRECT_OBJC_ISA_USAGE = YES_ERROR;
				CLANG_WARN_DOCUMENTATION_COMMENTS = YES;
				CLANG_WARN_EMPTY_BODY = YES;
				CLANG_WARN_ENUM_CONVERSION = YES;
				CLANG_WARN_INFINITE_RECURSION = YES;
				CLANG_WARN_INT_CONVERSION = YES;
				CLANG_WARN_NON_LITERAL_NULL_CONVERSION = YES;
				CLANG_WARN_OBJC_IMPLICIT_RETAIN_SELF = YES;
				CLANG_WARN_OBJC_LITERAL_CONVERSION = YES;
				CLANG_WARN_OBJC_ROOT_CLASS = YES_ERROR;
				CLANG_WARN_RANGE_LOOP_ANALYSIS = YES;
				CLANG_WARN_STRICT_PROTOTYPES = YES;
				CLANG_WARN_SUSPICIOUS_MOVE = YES;
				CLANG_WARN_UNGUARDED_AVAILABILITY = YES_AGGRESSIVE;
				CLANG_WARN_UNREACHABLE_CODE = YES;
				CLANG_WARN__DUPLICATE_METHOD_MATCH = YES;
				CODE_SIGN_IDENTITY = "iPhone Developer";
				COPY_PHASE_STRIP = NO;
				DEBUG_INFORMATION_FORMAT = "dwarf-with-dsym";
				ENABLE_NS_ASSERTIONS = NO;
				ENABLE_STRICT_OBJC_MSGSEND = YES;
				GCC_C_LANGUAGE_STANDARD = gnu11;
				GCC_NO_COMMON_BLOCKS = YES;
				GCC_WARN_64_TO_32_BIT_CONVERSION = YES;
				GCC_WARN_ABOUT_RETURN_TYPE = YES_ERROR;
				GCC_WARN_UNDECLARED_SELECTOR = YES;
				GCC_WARN_UNINITIALIZED_AUTOS = YES_AGGRESSIVE;
				GCC_WARN_UNUSED_FUNCTION = YES;
				GCC_WARN_UNUSED_VARIABLE = YES;
				IPHONEOS_DEPLOYMENT_TARGET = 11.4;
				MTL_ENABLE_DEBUG_INFO = NO;
				SDKROOT = iphoneos;
				SWIFT_COMPILATION_MODE = wholemodule;
				SWIFT_OPTIMIZATION_LEVEL = "-O";
				VALIDATE_PRODUCT = YES;
			};
			name = Release;
		};
		0F6A30FB2141B9AE0098B3EA /* Debug */ = {
			isa = XCBuildConfiguration;
			buildSettings = {
				ASSETCATALOG_COMPILER_APPICON_NAME = AppIcon;
				CODE_SIGN_STYLE = Automatic;
				INFOPLIST_FILE = onthemap/Info.plist;
				LD_RUNPATH_SEARCH_PATHS = (
					"$(inherited)",
					"@executable_path/Frameworks",
				);
				PRODUCT_BUNDLE_IDENTIFIER = me.erickmedina.onthemap;
				PRODUCT_NAME = "$(TARGET_NAME)";
				SWIFT_VERSION = 4.0;
				TARGETED_DEVICE_FAMILY = "1,2";
			};
			name = Debug;
		};
		0F6A30FC2141B9AE0098B3EA /* Release */ = {
			isa = XCBuildConfiguration;
			buildSettings = {
				ASSETCATALOG_COMPILER_APPICON_NAME = AppIcon;
				CODE_SIGN_STYLE = Automatic;
				INFOPLIST_FILE = onthemap/Info.plist;
				LD_RUNPATH_SEARCH_PATHS = (
					"$(inherited)",
					"@executable_path/Frameworks",
				);
				PRODUCT_BUNDLE_IDENTIFIER = me.erickmedina.onthemap;
				PRODUCT_NAME = "$(TARGET_NAME)";
				SWIFT_VERSION = 4.0;
				TARGETED_DEVICE_FAMILY = "1,2";
			};
			name = Release;
		};
/* End XCBuildConfiguration section */

/* Begin XCConfigurationList section */
		0F6A30E32141B9AC0098B3EA /* Build configuration list for PBXProject "onthemap" */ = {
			isa = XCConfigurationList;
			buildConfigurations = (
				0F6A30F82141B9AE0098B3EA /* Debug */,
				0F6A30F92141B9AE0098B3EA /* Release */,
			);
			defaultConfigurationIsVisible = 0;
			defaultConfigurationName = Release;
		};
		0F6A30FA2141B9AE0098B3EA /* Build configuration list for PBXNativeTarget "onthemap" */ = {
			isa = XCConfigurationList;
			buildConfigurations = (
				0F6A30FB2141B9AE0098B3EA /* Debug */,
				0F6A30FC2141B9AE0098B3EA /* Release */,
			);
			defaultConfigurationIsVisible = 0;
			defaultConfigurationName = Release;
		};
/* End XCConfigurationList section */
	};
	rootObject = 0F6A30E02141B9AC0098B3EA /* Project object */;
}
